
Microsoft Visual Studio Solution File, Format Version 12.00
# Visual Studio Version 16
VisualStudioVersion = 16.0.31205.134
MinimumVisualStudioVersion = 10.0.40219.1
Project("{FAE04EC0-301F-11D3-BF4B-00C04F79EFBC}") = "IPT_Lab5_233985", "IPT_Lab5_233985\IPT_Lab5_233985.csproj", "{4D958C10-07BA-40AC-9A8D-00B8CEA3227C}"
EndProject
Global
	GlobalSection(SolutionConfigurationPlatforms) = preSolution
		Debug|Any CPU = Debug|Any CPU
		Release|Any CPU = Release|Any CPU
	EndGlobalSection
	GlobalSection(ProjectConfigurationPlatforms) = postSolution
		{4D958C10-07BA-40AC-9A8D-00B8CEA3227C}.Debug|Any CPU.ActiveCfg = Debug|Any CPU
		{4D958C10-07BA-40AC-9A8D-00B8CEA3227C}.Debug|Any CPU.Build.0 = Debug|Any CPU
		{4D958C10-07BA-40AC-9A8D-00B8CEA3227C}.Release|Any CPU.ActiveCfg = Release|Any CPU
		{4D958C10-07BA-40AC-9A8D-00B8CEA3227C}.Release|Any CPU.Build.0 = Release|Any CPU
	EndGlobalSection
	GlobalSection(SolutionProperties) = preSolution
		HideSolutionNode = FALSE
	EndGlobalSection
	GlobalSection(ExtensibilityGlobals) = postSolution
		SolutionGuid = {C1D5756F-0758-4EE4-B9D1-5C61906916B6}
	EndGlobalSection
EndGlobal
